
Microsoft Visual Studio Solution File, Format Version 12.00
# Visual Studio Version 17
VisualStudioVersion = 17.3.32929.385
MinimumVisualStudioVersion = 10.0.40219.1
Project("{FAE04EC0-301F-11D3-BF4B-00C04F79EFBC}") = "XPacketServer", "XPacketServer\XPacketServer.csproj", "{8893F8A1-A0C9-4A41-8FB8-3BD5EFB34393}"
EndProject
Project("{9A19103F-16F7-4668-BE54-9A1E7A4F7556}") = "MyProtocol", "..\MyProtocol\MyProtocol\MyProtocol.csproj", "{CA89738D-1F50-44AF-97DE-B3DA8388E03F}"
EndProject
Global
	GlobalSection(SolutionConfigurationPlatforms) = preSolution
		Debug|Any CPU = Debug|Any CPU
		Release|Any CPU = Release|Any CPU
	EndGlobalSection
	GlobalSection(ProjectConfigurationPlatforms) = postSolution
		{8893F8A1-A0C9-4A41-8FB8-3BD5EFB34393}.Debug|Any CPU.ActiveCfg = Debug|Any CPU
		{8893F8A1-A0C9-4A41-8FB8-3BD5EFB34393}.Debug|Any CPU.Build.0 = Debug|Any CPU
		{8893F8A1-A0C9-4A41-8FB8-3BD5EFB34393}.Release|Any CPU.ActiveCfg = Release|Any CPU
		{8893F8A1-A0C9-4A41-8FB8-3BD5EFB34393}.Release|Any CPU.Build.0 = Release|Any CPU
		{CA89738D-1F50-44AF-97DE-B3DA8388E03F}.Debug|Any CPU.ActiveCfg = Debug|Any CPU
		{CA89738D-1F50-44AF-97DE-B3DA8388E03F}.Debug|Any CPU.Build.0 = Debug|Any CPU
		{CA89738D-1F50-44AF-97DE-B3DA8388E03F}.Release|Any CPU.ActiveCfg = Release|Any CPU
		{CA89738D-1F50-44AF-97DE-B3DA8388E03F}.Release|Any CPU.Build.0 = Release|Any CPU
	EndGlobalSection
	GlobalSection(SolutionProperties) = preSolution
		HideSolutionNode = FALSE
	EndGlobalSection
	GlobalSection(ExtensibilityGlobals) = postSolution
		SolutionGuid = {0BDE10F7-CB16-4079-8B6E-978E1F394F1E}
	EndGlobalSection
EndGlobal
